
Microsoft Visual Studio Solution File, Format Version 12.00
# Visual Studio Version 17
VisualStudioVersion = 17.13.35919.96
MinimumVisualStudioVersion = 10.0.40219.1
Project("{FAE04EC0-301F-11D3-BF4B-00C04F79EFBC}") = "mcp-server", "mcp-server\mcp-server.csproj", "{6EB43F21-AA0D-D419-52E6-9F54D73BDE85}"
EndProject
Project("{FAE04EC0-301F-11D3-BF4B-00C04F79EFBC}") = "tests", "tests\tests.csproj", "{9CF47860-2CEA-F379-09D8-9AEF27965D12}"
EndProject
Global
	GlobalSection(SolutionConfigurationPlatforms) = preSolution
		Debug|Any CPU = Debug|Any CPU
		Release|Any CPU = Release|Any CPU
	EndGlobalSection
	GlobalSection(ProjectConfigurationPlatforms) = postSolution
		{6EB43F21-AA0D-D419-52E6-9F54D73BDE85}.Debug|Any CPU.ActiveCfg = Debug|Any CPU
		{6EB43F21-AA0D-D419-52E6-9F54D73BDE85}.Debug|Any CPU.Build.0 = Debug|Any CPU
		{6EB43F21-AA0D-D419-52E6-9F54D73BDE85}.Release|Any CPU.ActiveCfg = Release|Any CPU
		{6EB43F21-AA0D-D419-52E6-9F54D73BDE85}.Release|Any CPU.Build.0 = Release|Any CPU
		{9CF47860-2CEA-F379-09D8-9AEF27965D12}.Debug|Any CPU.ActiveCfg = Debug|Any CPU
		{9CF47860-2CEA-F379-09D8-9AEF27965D12}.Debug|Any CPU.Build.0 = Debug|Any CPU
		{9CF47860-2CEA-F379-09D8-9AEF27965D12}.Release|Any CPU.ActiveCfg = Release|Any CPU
		{9CF47860-2CEA-F379-09D8-9AEF27965D12}.Release|Any CPU.Build.0 = Release|Any CPU
	EndGlobalSection
	GlobalSection(SolutionProperties) = preSolution
		HideSolutionNode = FALSE
	EndGlobalSection
	GlobalSection(ExtensibilityGlobals) = postSolution
		SolutionGuid = {EE33FA59-8DEE-4526-BA8F-C41149ED3C66}
	EndGlobalSection
EndGlobal
